// !$*UTF8*$!
{
	archiveVersion = 1;
	classes = {
	};
	objectVersion = 50;
	objects = {

/* Begin PBXBuildFile section */
		D049186724B4B22C00B8B4DE /* AppDelegate.swift in Sources */ = {isa = PBXBuildFile; fileRef = D049186624B4B22C00B8B4DE /* AppDelegate.swift */; };
		D049186924B4B22C00B8B4DE /* SceneDelegate.swift in Sources */ = {isa = PBXBuildFile; fileRef = D049186824B4B22C00B8B4DE /* SceneDelegate.swift */; };
		D049186B24B4B22C00B8B4DE /* LandmarkDetail.swift in Sources */ = {isa = PBXBuildFile; fileRef = D049186A24B4B22C00B8B4DE /* LandmarkDetail.swift */; };
		D049186D24B4B22D00B8B4DE /* Assets.xcassets in Resources */ = {isa = PBXBuildFile; fileRef = D049186C24B4B22D00B8B4DE /* Assets.xcassets */; };
		D049187024B4B22D00B8B4DE /* Preview Assets.xcassets in Resources */ = {isa = PBXBuildFile; fileRef = D049186F24B4B22D00B8B4DE /* Preview Assets.xcassets */; };
		D049187324B4B22D00B8B4DE /* LaunchScreen.storyboard in Resources */ = {isa = PBXBuildFile; fileRef = D049187124B4B22D00B8B4DE /* LaunchScreen.storyboard */; };
		D049187B24B4B48700B8B4DE /* CircleImage.swift in Sources */ = {isa = PBXBuildFile; fileRef = D049187A24B4B48700B8B4DE /* CircleImage.swift */; };
		D049187D24B4B5BA00B8B4DE /* MapView.swift in Sources */ = {isa = PBXBuildFile; fileRef = D049187C24B4B5BA00B8B4DE /* MapView.swift */; };
		D049188C24B4CAF800B8B4DE /* chincoteague.jpg in Resources */ = {isa = PBXBuildFile; fileRef = D049187F24B4CAF700B8B4DE /* chincoteague.jpg */; };
		D049188D24B4CAF800B8B4DE /* rainbowlake.jpg in Resources */ = {isa = PBXBuildFile; fileRef = D049188024B4CAF700B8B4DE /* rainbowlake.jpg */; };
		D049188E24B4CAF800B8B4DE /* hiddenlake.jpg in Resources */ = {isa = PBXBuildFile; fileRef = D049188124B4CAF700B8B4DE /* hiddenlake.jpg */; };
		D049188F24B4CAF800B8B4DE /* turtlerock.jpg in Resources */ = {isa = PBXBuildFile; fileRef = D049188224B4CAF700B8B4DE /* turtlerock.jpg */; };
		D049189024B4CAF800B8B4DE /* umbagog.jpg in Resources */ = {isa = PBXBuildFile; fileRef = D049188324B4CAF700B8B4DE /* umbagog.jpg */; };
		D049189124B4CAF800B8B4DE /* silversalmoncreek.jpg in Resources */ = {isa = PBXBuildFile; fileRef = D049188424B4CAF700B8B4DE /* silversalmoncreek.jpg */; };
		D049189224B4CAF800B8B4DE /* chilkoottrail.jpg in Resources */ = {isa = PBXBuildFile; fileRef = D049188524B4CAF700B8B4DE /* chilkoottrail.jpg */; };
		D049189324B4CAF800B8B4DE /* charleyrivers.jpg in Resources */ = {isa = PBXBuildFile; fileRef = D049188624B4CAF700B8B4DE /* charleyrivers.jpg */; };
		D049189424B4CAF800B8B4DE /* stmarylake.jpg in Resources */ = {isa = PBXBuildFile; fileRef = D049188724B4CAF700B8B4DE /* stmarylake.jpg */; };
		D049189524B4CAF800B8B4DE /* twinlake.jpg in Resources */ = {isa = PBXBuildFile; fileRef = D049188824B4CAF700B8B4DE /* twinlake.jpg */; };
		D049189624B4CAF800B8B4DE /* icybay.jpg in Resources */ = {isa = PBXBuildFile; fileRef = D049188924B4CAF700B8B4DE /* icybay.jpg */; };
		D049189724B4CAF800B8B4DE /* lakemcdonald.jpg in Resources */ = {isa = PBXBuildFile; fileRef = D049188A24B4CAF700B8B4DE /* lakemcdonald.jpg */; };
		D049189C24B4CB2F00B8B4DE /* Data.swift in Sources */ = {isa = PBXBuildFile; fileRef = D049189B24B4CB2F00B8B4DE /* Data.swift */; };
		D049189E24B4CB3800B8B4DE /* Landmark.swift in Sources */ = {isa = PBXBuildFile; fileRef = D049189D24B4CB3800B8B4DE /* Landmark.swift */; };
		D04918A024B4D1E100B8B4DE /* LandmarkRow.swift in Sources */ = {isa = PBXBuildFile; fileRef = D049189F24B4D1E100B8B4DE /* LandmarkRow.swift */; };
		D04918A224B4D2F400B8B4DE /* LandmarkList.swift in Sources */ = {isa = PBXBuildFile; fileRef = D04918A124B4D2F400B8B4DE /* LandmarkList.swift */; };
		D04918A424B4D8A100B8B4DE /* landmarkData.json in Resources */ = {isa = PBXBuildFile; fileRef = D04918A324B4D8A100B8B4DE /* landmarkData.json */; };
		D04918A624B501D400B8B4DE /* UserData.swift in Sources */ = {isa = PBXBuildFile; fileRef = D04918A524B501D400B8B4DE /* UserData.swift */; };
		D04918A824B506DA00B8B4DE /* HexagonParameters.swift in Sources */ = {isa = PBXBuildFile; fileRef = D04918A724B506DA00B8B4DE /* HexagonParameters.swift */; };
		D04918AA24B5079100B8B4DE /* Badge.swift in Sources */ = {isa = PBXBuildFile; fileRef = D04918A924B5079100B8B4DE /* Badge.swift */; };
		D04918AC24B59B4900B8B4DE /* BadgeBackground.swift in Sources */ = {isa = PBXBuildFile; fileRef = D04918AB24B59B4900B8B4DE /* BadgeBackground.swift */; };
		D04918AF24B59C0300B8B4DE /* BadgeSymbol.swift in Sources */ = {isa = PBXBuildFile; fileRef = D04918AE24B59C0300B8B4DE /* BadgeSymbol.swift */; };
		D04918B124B5A11600B8B4DE /* RotatedBadgeSymbol.swift in Sources */ = {isa = PBXBuildFile; fileRef = D04918B024B5A11600B8B4DE /* RotatedBadgeSymbol.swift */; };
		D04918B324B5A39300B8B4DE /* hikeData.json in Resources */ = {isa = PBXBuildFile; fileRef = D04918B224B5A39200B8B4DE /* hikeData.json */; };
/* End PBXBuildFile section */

/* Begin PBXFileReference section */
		D049186324B4B22C00B8B4DE /* Landmarks.app */ = {isa = PBXFileReference; explicitFileType = wrapper.application; includeInIndex = 0; path = Landmarks.app; sourceTree = BUILT_PRODUCTS_DIR; };
		D049186624B4B22C00B8B4DE /* AppDelegate.swift */ = {isa = PBXFileReference; lastKnownFileType = sourcecode.swift; path = AppDelegate.swift; sourceTree = "<group>"; };
		D049186824B4B22C00B8B4DE /* SceneDelegate.swift */ = {isa = PBXFileReference; lastKnownFileType = sourcecode.swift; path = SceneDelegate.swift; sourceTree = "<group>"; };
		D049186A24B4B22C00B8B4DE /* LandmarkDetail.swift */ = {isa = PBXFileReference; lastKnownFileType = sourcecode.swift; path = LandmarkDetail.swift; sourceTree = "<group>"; };
		D049186C24B4B22D00B8B4DE /* Assets.xcassets */ = {isa = PBXFileReference; lastKnownFileType = folder.assetcatalog; path = Assets.xcassets; sourceTree = "<group>"; };
		D049186F24B4B22D00B8B4DE /* Preview Assets.xcassets */ = {isa = PBXFileReference; lastKnownFileType = folder.assetcatalog; path = "Preview Assets.xcassets"; sourceTree = "<group>"; };
		D049187224B4B22D00B8B4DE /* Base */ = {isa = PBXFileReference; lastKnownFileType = file.storyboard; name = Base; path = Base.lproj/LaunchScreen.storyboard; sourceTree = "<group>"; };
		D049187424B4B22D00B8B4DE /* Info.plist */ = {isa = PBXFileReference; lastKnownFileType = text.plist.xml; path = Info.plist; sourceTree = "<group>"; };
		D049187A24B4B48700B8B4DE /* CircleImage.swift */ = {isa = PBXFileReference; lastKnownFileType = sourcecode.swift; path = CircleImage.swift; sourceTree = "<group>"; };
		D049187C24B4B5BA00B8B4DE /* MapView.swift */ = {isa = PBXFileReference; lastKnownFileType = sourcecode.swift; path = MapView.swift; sourceTree = "<group>"; };
		D049187F24B4CAF700B8B4DE /* chincoteague.jpg */ = {isa = PBXFileReference; lastKnownFileType = image.jpeg; path = chincoteague.jpg; sourceTree = "<group>"; };
		D049188024B4CAF700B8B4DE /* rainbowlake.jpg */ = {isa = PBXFileReference; lastKnownFileType = image.jpeg; path = rainbowlake.jpg; sourceTree = "<group>"; };
		D049188124B4CAF700B8B4DE /* hiddenlake.jpg */ = {isa = PBXFileReference; lastKnownFileType = image.jpeg; path = hiddenlake.jpg; sourceTree = "<group>"; };
		D049188224B4CAF700B8B4DE /* turtlerock.jpg */ = {isa = PBXFileReference; lastKnownFileType = image.jpeg; path = turtlerock.jpg; sourceTree = "<group>"; };
		D049188324B4CAF700B8B4DE /* umbagog.jpg */ = {isa = PBXFileReference; lastKnownFileType = image.jpeg; path = umbagog.jpg; sourceTree = "<group>"; };
		D049188424B4CAF700B8B4DE /* silversalmoncreek.jpg */ = {isa = PBXFileReference; lastKnownFileType = image.jpeg; path = silversalmoncreek.jpg; sourceTree = "<group>"; };
		D049188524B4CAF700B8B4DE /* chilkoottrail.jpg */ = {isa = PBXFileReference; lastKnownFileType = image.jpeg; path = chilkoottrail.jpg; sourceTree = "<group>"; };
		D049188624B4CAF700B8B4DE /* charleyrivers.jpg */ = {isa = PBXFileReference; lastKnownFileType = image.jpeg; path = charleyrivers.jpg; sourceTree = "<group>"; };
		D049188724B4CAF700B8B4DE /* stmarylake.jpg */ = {isa = PBXFileReference; lastKnownFileType = image.jpeg; path = stmarylake.jpg; sourceTree = "<group>"; };
		D049188824B4CAF700B8B4DE /* twinlake.jpg */ = {isa = PBXFileReference; lastKnownFileType = image.jpeg; path = twinlake.jpg; sourceTree = "<group>"; };
		D049188924B4CAF700B8B4DE /* icybay.jpg */ = {isa = PBXFileReference; lastKnownFileType = image.jpeg; path = icybay.jpg; sourceTree = "<group>"; };
		D049188A24B4CAF700B8B4DE /* lakemcdonald.jpg */ = {isa = PBXFileReference; lastKnownFileType = image.jpeg; path = lakemcdonald.jpg; sourceTree = "<group>"; };
		D049189B24B4CB2F00B8B4DE /* Data.swift */ = {isa = PBXFileReference; lastKnownFileType = sourcecode.swift; path = Data.swift; sourceTree = "<group>"; };
		D049189D24B4CB3800B8B4DE /* Landmark.swift */ = {isa = PBXFileReference; lastKnownFileType = sourcecode.swift; path = Landmark.swift; sourceTree = "<group>"; };
		D049189F24B4D1E100B8B4DE /* LandmarkRow.swift */ = {isa = PBXFileReference; lastKnownFileType = sourcecode.swift; path = LandmarkRow.swift; sourceTree = "<group>"; };
		D04918A124B4D2F400B8B4DE /* LandmarkList.swift */ = {isa = PBXFileReference; lastKnownFileType = sourcecode.swift; path = LandmarkList.swift; sourceTree = "<group>"; };
		D04918A324B4D8A100B8B4DE /* landmarkData.json */ = {isa = PBXFileReference; fileEncoding = 4; lastKnownFileType = text.json; path = landmarkData.json; sourceTree = "<group>"; };
		D04918A524B501D400B8B4DE /* UserData.swift */ = {isa = PBXFileReference; lastKnownFileType = sourcecode.swift; path = UserData.swift; sourceTree = "<group>"; };
		D04918A724B506DA00B8B4DE /* HexagonParameters.swift */ = {isa = PBXFileReference; lastKnownFileType = sourcecode.swift; path = HexagonParameters.swift; sourceTree = "<group>"; };
		D04918A924B5079100B8B4DE /* Badge.swift */ = {isa = PBXFileReference; lastKnownFileType = sourcecode.swift; path = Badge.swift; sourceTree = "<group>"; };
		D04918AB24B59B4900B8B4DE /* BadgeBackground.swift */ = {isa = PBXFileReference; lastKnownFileType = sourcecode.swift; path = BadgeBackground.swift; sourceTree = "<group>"; };
		D04918AE24B59C0300B8B4DE /* BadgeSymbol.swift */ = {isa = PBXFileReference; lastKnownFileType = sourcecode.swift; path = BadgeSymbol.swift; sourceTree = "<group>"; };
		D04918B024B5A11600B8B4DE /* RotatedBadgeSymbol.swift */ = {isa = PBXFileReference; lastKnownFileType = sourcecode.swift; path = RotatedBadgeSymbol.swift; sourceTree = "<group>"; };
		D04918B224B5A39200B8B4DE /* hikeData.json */ = {isa = PBXFileReference; fileEncoding = 4; lastKnownFileType = text.json; path = hikeData.json; sourceTree = "<group>"; };
/* End PBXFileReference section */

/* Begin PBXFrameworksBuildPhase section */
		D049186024B4B22C00B8B4DE /* Frameworks */ = {
			isa = PBXFrameworksBuildPhase;
			buildActionMask = 2147483647;
			files = (
			);
			runOnlyForDeploymentPostprocessing = 0;
		};
/* End PBXFrameworksBuildPhase section */

/* Begin PBXGroup section */
		D049185A24B4B22C00B8B4DE = {
			isa = PBXGroup;
			children = (
				D049186524B4B22C00B8B4DE /* Landmarks */,
				D049186424B4B22C00B8B4DE /* Products */,
			);
			sourceTree = "<group>";
		};
		D049186424B4B22C00B8B4DE /* Products */ = {
			isa = PBXGroup;
			children = (
				D049186324B4B22C00B8B4DE /* Landmarks.app */,
			);
			name = Products;
			sourceTree = "<group>";
		};
		D049186524B4B22C00B8B4DE /* Landmarks */ = {
			isa = PBXGroup;
			children = (
				D049186624B4B22C00B8B4DE /* AppDelegate.swift */,
				D049186824B4B22C00B8B4DE /* SceneDelegate.swift */,
				D049186A24B4B22C00B8B4DE /* LandmarkDetail.swift */,
				D04918A124B4D2F400B8B4DE /* LandmarkList.swift */,
				D04918A524B501D400B8B4DE /* UserData.swift */,
				D04918A724B506DA00B8B4DE /* HexagonParameters.swift */,
				D049186C24B4B22D00B8B4DE /* Assets.xcassets */,
				D049187124B4B22D00B8B4DE /* LaunchScreen.storyboard */,
				D049187424B4B22D00B8B4DE /* Info.plist */,
				D049189A24B4CB2900B8B4DE /* Models */,
				D049189924B4CB0D00B8B4DE /* Supporting Views */,
				D049187E24B4CAEC00B8B4DE /* Resources */,
				D049186E24B4B22D00B8B4DE /* Preview Content */,
			);
			path = Landmarks;
			sourceTree = "<group>";
		};
		D049186E24B4B22D00B8B4DE /* Preview Content */ = {
			isa = PBXGroup;
			children = (
				D049186F24B4B22D00B8B4DE /* Preview Assets.xcassets */,
			);
			path = "Preview Content";
			sourceTree = "<group>";
		};
		D049187E24B4CAEC00B8B4DE /* Resources */ = {
			isa = PBXGroup;
			children = (
				D04918B224B5A39200B8B4DE /* hikeData.json */,
				D04918A324B4D8A100B8B4DE /* landmarkData.json */,
				D049188524B4CAF700B8B4DE /* chilkoottrail.jpg */,
				D049187F24B4CAF700B8B4DE /* chincoteague.jpg */,
				D049188124B4CAF700B8B4DE /* hiddenlake.jpg */,
				D049188924B4CAF700B8B4DE /* icybay.jpg */,
				D049188A24B4CAF700B8B4DE /* lakemcdonald.jpg */,
				D049188024B4CAF700B8B4DE /* rainbowlake.jpg */,
				D049188424B4CAF700B8B4DE /* silversalmoncreek.jpg */,
				D049188724B4CAF700B8B4DE /* stmarylake.jpg */,
				D049188224B4CAF700B8B4DE /* turtlerock.jpg */,
				D049188824B4CAF700B8B4DE /* twinlake.jpg */,
				D049188324B4CAF700B8B4DE /* umbagog.jpg */,
				D049188624B4CAF700B8B4DE /* charleyrivers.jpg */,
			);
			path = Resources;
			sourceTree = "<group>";
		};
		D049189924B4CB0D00B8B4DE /* Supporting Views */ = {
			isa = PBXGroup;
			children = (
				D04918AD24B59BF400B8B4DE /* Badge */,
				D049187A24B4B48700B8B4DE /* CircleImage.swift */,
				D049187C24B4B5BA00B8B4DE /* MapView.swift */,
				D049189F24B4D1E100B8B4DE /* LandmarkRow.swift */,
			);
			path = "Supporting Views";
			sourceTree = "<group>";
		};
		D049189A24B4CB2900B8B4DE /* Models */ = {
			isa = PBXGroup;
			children = (
				D049189B24B4CB2F00B8B4DE /* Data.swift */,
				D049189D24B4CB3800B8B4DE /* Landmark.swift */,
			);
			path = Models;
			sourceTree = "<group>";
		};
		D04918AD24B59BF400B8B4DE /* Badge */ = {
			isa = PBXGroup;
			children = (
				D04918A924B5079100B8B4DE /* Badge.swift */,
				D04918AB24B59B4900B8B4DE /* BadgeBackground.swift */,
				D04918AE24B59C0300B8B4DE /* BadgeSymbol.swift */,
				D04918B024B5A11600B8B4DE /* RotatedBadgeSymbol.swift */,
			);
			path = Badge;
			sourceTree = "<group>";
		};
/* End PBXGroup section */

/* Begin PBXNativeTarget section */
		D049186224B4B22C00B8B4DE /* Landmarks */ = {
			isa = PBXNativeTarget;
			buildConfigurationList = D049187724B4B22D00B8B4DE /* Build configuration list for PBXNativeTarget "Landmarks" */;
			buildPhases = (
				D049185F24B4B22C00B8B4DE /* Sources */,
				D049186024B4B22C00B8B4DE /* Frameworks */,
				D049186124B4B22C00B8B4DE /* Resources */,
			);
			buildRules = (
			);
			dependencies = (
			);
			name = Landmarks;
			productName = Landmarks;
			productReference = D049186324B4B22C00B8B4DE /* Landmarks.app */;
			productType = "com.apple.product-type.application";
		};
/* End PBXNativeTarget section */

/* Begin PBXProject section */
		D049185B24B4B22C00B8B4DE /* Project object */ = {
			isa = PBXProject;
			attributes = {
				LastSwiftUpdateCheck = 1150;
				LastUpgradeCheck = 1150;
				ORGANIZATIONNAME = "Peter Salz App Development";
				TargetAttributes = {
					D049186224B4B22C00B8B4DE = {
						CreatedOnToolsVersion = 11.5;
					};
				};
			};
			buildConfigurationList = D049185E24B4B22C00B8B4DE /* Build configuration list for PBXProject "Landmarks" */;
			compatibilityVersion = "Xcode 9.3";
			developmentRegion = en;
			hasScannedForEncodings = 0;
			knownRegions = (
				en,
				Base,
			);
			mainGroup = D049185A24B4B22C00B8B4DE;
			productRefGroup = D049186424B4B22C00B8B4DE /* Products */;
			projectDirPath = "";
			projectRoot = "";
			targets = (
				D049186224B4B22C00B8B4DE /* Landmarks */,
			);
		};
/* End PBXProject section */

/* Begin PBXResourcesBuildPhase section */
		D049186124B4B22C00B8B4DE /* Resources */ = {
			isa = PBXResourcesBuildPhase;
			buildActionMask = 2147483647;
			files = (
				D049187324B4B22D00B8B4DE /* LaunchScreen.storyboard in Resources */,
				D049188D24B4CAF800B8B4DE /* rainbowlake.jpg in Resources */,
				D04918B324B5A39300B8B4DE /* hikeData.json in Resources */,
				D049188F24B4CAF800B8B4DE /* turtlerock.jpg in Resources */,
				D049189224B4CAF800B8B4DE /* chilkoottrail.jpg in Resources */,
				D049189124B4CAF800B8B4DE /* silversalmoncreek.jpg in Resources */,
				D049187024B4B22D00B8B4DE /* Preview Assets.xcassets in Resources */,
				D049189724B4CAF800B8B4DE /* lakemcdonald.jpg in Resources */,
				D049189424B4CAF800B8B4DE /* stmarylake.jpg in Resources */,
				D049189024B4CAF800B8B4DE /* umbagog.jpg in Resources */,
				D049189324B4CAF800B8B4DE /* charleyrivers.jpg in Resources */,
				D049188C24B4CAF800B8B4DE /* chincoteague.jpg in Resources */,
				D049188E24B4CAF800B8B4DE /* hiddenlake.jpg in Resources */,
				D049189524B4CAF800B8B4DE /* twinlake.jpg in Resources */,
				D04918A424B4D8A100B8B4DE /* landmarkData.json in Resources */,
				D049189624B4CAF800B8B4DE /* icybay.jpg in Resources */,
				D049186D24B4B22D00B8B4DE /* Assets.xcassets in Resources */,
			);
			runOnlyForDeploymentPostprocessing = 0;
		};
/* End PBXResourcesBuildPhase section */

/* Begin PBXSourcesBuildPhase section */
		D049185F24B4B22C00B8B4DE /* Sources */ = {
			isa = PBXSourcesBuildPhase;
			buildActionMask = 2147483647;
			files = (
				D049189E24B4CB3800B8B4DE /* Landmark.swift in Sources */,
				D04918AA24B5079100B8B4DE /* Badge.swift in Sources */,
				D049186724B4B22C00B8B4DE /* AppDelegate.swift in Sources */,
				D049189C24B4CB2F00B8B4DE /* Data.swift in Sources */,
				D049187B24B4B48700B8B4DE /* CircleImage.swift in Sources */,
				D04918A824B506DA00B8B4DE /* HexagonParameters.swift in Sources */,
				D04918A224B4D2F400B8B4DE /* LandmarkList.swift in Sources */,
				D04918AF24B59C0300B8B4DE /* BadgeSymbol.swift in Sources */,
				D04918B124B5A11600B8B4DE /* RotatedBadgeSymbol.swift in Sources */,
				D049187D24B4B5BA00B8B4DE /* MapView.swift in Sources */,
				D04918AC24B59B4900B8B4DE /* BadgeBackground.swift in Sources */,
				D049186924B4B22C00B8B4DE /* SceneDelegate.swift in Sources */,
				D04918A024B4D1E100B8B4DE /* LandmarkRow.swift in Sources */,
				D04918A624B501D400B8B4DE /* UserData.swift in Sources */,
				D049186B24B4B22C00B8B4DE /* LandmarkDetail.swift in Sources */,
			);
			runOnlyForDeploymentPostprocessing = 0;
		};
/* End PBXSourcesBuildPhase section */

/* Begin PBXVariantGroup section */
		D049187124B4B22D00B8B4DE /* LaunchScreen.storyboard */ = {
			isa = PBXVariantGroup;
			children = (
				D049187224B4B22D00B8B4DE /* Base */,
			);
			name = LaunchScreen.storyboard;
			sourceTree = "<group>";
		};
/* End PBXVariantGroup section */

/* Begin XCBuildConfiguration section */
		D049187524B4B22D00B8B4DE /* Debug */ = {
			isa = XCBuildConfiguration;
			buildSettings = {
				ALWAYS_SEARCH_USER_PATHS = NO;
				CLANG_ANALYZER_NONNULL = YES;
				CLANG_ANALYZER_NUMBER_OBJECT_CONVERSION = YES_AGGRESSIVE;
				CLANG_CXX_LANGUAGE_STANDARD = "gnu++14";
				CLANG_CXX_LIBRARY = "libc++";
				CLANG_ENABLE_MODULES = YES;
				CLANG_ENABLE_OBJC_ARC = YES;
				CLANG_ENABLE_OBJC_WEAK = YES;
				CLANG_WARN_BLOCK_CAPTURE_AUTORELEASING = YES;
				CLANG_WARN_BOOL_CONVERSION = YES;
				CLANG_WARN_COMMA = YES;
				CLANG_WARN_CONSTANT_CONVERSION = YES;
				CLANG_WARN_DEPRECATED_OBJC_IMPLEMENTATIONS = YES;
				CLANG_WARN_DIRECT_OBJC_ISA_USAGE = YES_ERROR;
				CLANG_WARN_DOCUMENTATION_COMMENTS = YES;
				CLANG_WARN_EMPTY_BODY = YES;
				CLANG_WARN_ENUM_CONVERSION = YES;
				CLANG_WARN_INFINITE_RECURSION = YES;
				CLANG_WARN_INT_CONVERSION = YES;
				CLANG_WARN_NON_LITERAL_NULL_CONVERSION = YES;
				CLANG_WARN_OBJC_IMPLICIT_RETAIN_SELF = YES;
				CLANG_WARN_OBJC_LITERAL_CONVERSION = YES;
				CLANG_WARN_OBJC_ROOT_CLASS = YES_ERROR;
				CLANG_WARN_RANGE_LOOP_ANALYSIS = YES;
				CLANG_WARN_STRICT_PROTOTYPES = YES;
				CLANG_WARN_SUSPICIOUS_MOVE = YES;
				CLANG_WARN_UNGUARDED_AVAILABILITY = YES_AGGRESSIVE;
				CLANG_WARN_UNREACHABLE_CODE = YES;
				CLANG_WARN__DUPLICATE_METHOD_MATCH = YES;
				COPY_PHASE_STRIP = NO;
				DEBUG_INFORMATION_FORMAT = dwarf;
				ENABLE_STRICT_OBJC_MSGSEND = YES;
				ENABLE_TESTABILITY = YES;
				GCC_C_LANGUAGE_STANDARD = gnu11;
				GCC_DYNAMIC_NO_PIC = NO;
				GCC_NO_COMMON_BLOCKS = YES;
				GCC_OPTIMIZATION_LEVEL = 0;
				GCC_PREPROCESSOR_DEFINITIONS = (
					"DEBUG=1",
					"$(inherited)",
				);
				GCC_WARN_64_TO_32_BIT_CONVERSION = YES;
				GCC_WARN_ABOUT_RETURN_TYPE = YES_ERROR;
				GCC_WARN_UNDECLARED_SELECTOR = YES;
				GCC_WARN_UNINITIALIZED_AUTOS = YES_AGGRESSIVE;
				GCC_WARN_UNUSED_FUNCTION = YES;
				GCC_WARN_UNUSED_VARIABLE = YES;
				IPHONEOS_DEPLOYMENT_TARGET = 13.1;
				MTL_ENABLE_DEBUG_INFO = INCLUDE_SOURCE;
				MTL_FAST_MATH = YES;
				ONLY_ACTIVE_ARCH = YES;
				SDKROOT = iphoneos;
				SWIFT_ACTIVE_COMPILATION_CONDITIONS = DEBUG;
				SWIFT_OPTIMIZATION_LEVEL = "-Onone";
			};
			name = Debug;
		};
		D049187624B4B22D00B8B4DE /* Release */ = {
			isa = XCBuildConfiguration;
			buildSettings = {
				ALWAYS_SEARCH_USER_PATHS = NO;
				CLANG_ANALYZER_NONNULL = YES;
				CLANG_ANALYZER_NUMBER_OBJECT_CONVERSION = YES_AGGRESSIVE;
				CLANG_CXX_LANGUAGE_STANDARD = "gnu++14";
				CLANG_CXX_LIBRARY = "libc++";
				CLANG_ENABLE_MODULES = YES;
				CLANG_ENABLE_OBJC_ARC = YES;
				CLANG_ENABLE_OBJC_WEAK = YES;
				CLANG_WARN_BLOCK_CAPTURE_AUTORELEASING = YES;
				CLANG_WARN_BOOL_CONVERSION = YES;
				CLANG_WARN_COMMA = YES;
				CLANG_WARN_CONSTANT_CONVERSION = YES;
				CLANG_WARN_DEPRECATED_OBJC_IMPLEMENTATIONS = YES;
				CLANG_WARN_DIRECT_OBJC_ISA_USAGE = YES_ERROR;
				CLANG_WARN_DOCUMENTATION_COMMENTS = YES;
				CLANG_WARN_EMPTY_BODY = YES;
				CLANG_WARN_ENUM_CONVERSION = YES;
				CLANG_WARN_INFINITE_RECURSION = YES;
				CLANG_WARN_INT_CONVERSION = YES;
				CLANG_WARN_NON_LITERAL_NULL_CONVERSION = YES;
				CLANG_WARN_OBJC_IMPLICIT_RETAIN_SELF = YES;
				CLANG_WARN_OBJC_LITERAL_CONVERSION = YES;
				CLANG_WARN_OBJC_ROOT_CLASS = YES_ERROR;
				CLANG_WARN_RANGE_LOOP_ANALYSIS = YES;
				CLANG_WARN_STRICT_PROTOTYPES = YES;
				CLANG_WARN_SUSPICIOUS_MOVE = YES;
				CLANG_WARN_UNGUARDED_AVAILABILITY = YES_AGGRESSIVE;
				CLANG_WARN_UNREACHABLE_CODE = YES;
				CLANG_WARN__DUPLICATE_METHOD_MATCH = YES;
				COPY_PHASE_STRIP = NO;
				DEBUG_INFORMATION_FORMAT = "dwarf-with-dsym";
				ENABLE_NS_ASSERTIONS = NO;
				ENABLE_STRICT_OBJC_MSGSEND = YES;
				GCC_C_LANGUAGE_STANDARD = gnu11;
				GCC_NO_COMMON_BLOCKS = YES;
				GCC_WARN_64_TO_32_BIT_CONVERSION = YES;
				GCC_WARN_ABOUT_RETURN_TYPE = YES_ERROR;
				GCC_WARN_UNDECLARED_SELECTOR = YES;
				GCC_WARN_UNINITIALIZED_AUTOS = YES_AGGRESSIVE;
				GCC_WARN_UNUSED_FUNCTION = YES;
				GCC_WARN_UNUSED_VARIABLE = YES;
				IPHONEOS_DEPLOYMENT_TARGET = 13.1;
				MTL_ENABLE_DEBUG_INFO = NO;
				MTL_FAST_MATH = YES;
				SDKROOT = iphoneos;
				SWIFT_COMPILATION_MODE = wholemodule;
				SWIFT_OPTIMIZATION_LEVEL = "-O";
				VALIDATE_PRODUCT = YES;
			};
			name = Release;
		};
		D049187824B4B22D00B8B4DE /* Debug */ = {
			isa = XCBuildConfiguration;
			buildSettings = {
				ASSETCATALOG_COMPILER_APPICON_NAME = AppIcon;
				CODE_SIGN_STYLE = Automatic;
				CURRENT_PROJECT_VERSION = 5;
				DEVELOPMENT_ASSET_PATHS = "\"Landmarks/Preview Content\"";
				DEVELOPMENT_TEAM = 535DKE8RS4;
				ENABLE_PREVIEWS = YES;
				INFOPLIST_FILE = Landmarks/Info.plist;
				LD_RUNPATH_SEARCH_PATHS = (
					"$(inherited)",
					"@executable_path/Frameworks",
				);
				MARKETING_VERSION = 1.4.0;
				PRODUCT_BUNDLE_IDENTIFIER = com.petersalz.Landmarks;
				PRODUCT_NAME = "$(TARGET_NAME)";
				SWIFT_VERSION = 5.0;
				TARGETED_DEVICE_FAMILY = "1,2";
			};
			name = Debug;
		};
		D049187924B4B22D00B8B4DE /* Release */ = {
			isa = XCBuildConfiguration;
			buildSettings = {
				ASSETCATALOG_COMPILER_APPICON_NAME = AppIcon;
				CODE_SIGN_STYLE = Automatic;
				CURRENT_PROJECT_VERSION = 5;
				DEVELOPMENT_ASSET_PATHS = "\"Landmarks/Preview Content\"";
				DEVELOPMENT_TEAM = 535DKE8RS4;
				ENABLE_PREVIEWS = YES;
				INFOPLIST_FILE = Landmarks/Info.plist;
				LD_RUNPATH_SEARCH_PATHS = (
					"$(inherited)",
					"@executable_path/Frameworks",
				);
				MARKETING_VERSION = 1.4.0;
				PRODUCT_BUNDLE_IDENTIFIER = com.petersalz.Landmarks;
				PRODUCT_NAME = "$(TARGET_NAME)";
				SWIFT_VERSION = 5.0;
				TARGETED_DEVICE_FAMILY = "1,2";
			};
			name = Release;
		};
/* End XCBuildConfiguration section */

/* Begin XCConfigurationList section */
		D049185E24B4B22C00B8B4DE /* Build configuration list for PBXProject "Landmarks" */ = {
			isa = XCConfigurationList;
			buildConfigurations = (
				D049187524B4B22D00B8B4DE /* Debug */,
				D049187624B4B22D00B8B4DE /* Release */,
			);
			defaultConfigurationIsVisible = 0;
			defaultConfigurationName = Release;
		};
		D049187724B4B22D00B8B4DE /* Build configuration list for PBXNativeTarget "Landmarks" */ = {
			isa = XCConfigurationList;
			buildConfigurations = (
				D049187824B4B22D00B8B4DE /* Debug */,
				D049187924B4B22D00B8B4DE /* Release */,
			);
			defaultConfigurationIsVisible = 0;
			defaultConfigurationName = Release;
		};
/* End XCConfigurationList section */
	};
	rootObject = D049185B24B4B22C00B8B4DE /* Project object */;
}
